
Microsoft Visual Studio Solution File, Format Version 12.00
# Visual Studio Version 17
VisualStudioVersion = 17.7.34202.233
MinimumVisualStudioVersion = 10.0.40219.1
Project("{8BC9CEB8-8B4A-11D0-8D11-00A0C91BC942}") = "OOP Project w", "OOP Project w\OOP Project w.vcxproj", "{596D2643-EF41-4F32-A03F-031C2847BFC0}"
EndProject
Global
	GlobalSection(SolutionConfigurationPlatforms) = preSolution
		Debug|x64 = Debug|x64
		Debug|x86 = Debug|x86
		Release|x64 = Release|x64
		Release|x86 = Release|x86
	EndGlobalSection
	GlobalSection(ProjectConfigurationPlatforms) = postSolution
		{596D2643-EF41-4F32-A03F-031C2847BFC0}.Debug|x64.ActiveCfg = Debug|x64
		{596D2643-EF41-4F32-A03F-031C2847BFC0}.Debug|x64.Build.0 = Debug|x64
		{596D2643-EF41-4F32-A03F-031C2847BFC0}.Debug|x86.ActiveCfg = Debug|Win32
		{596D2643-EF41-4F32-A03F-031C2847BFC0}.Debug|x86.Build.0 = Debug|Win32
		{596D2643-EF41-4F32-A03F-031C2847BFC0}.Release|x64.ActiveCfg = Release|x64
		{596D2643-EF41-4F32-A03F-031C2847BFC0}.Release|x64.Build.0 = Release|x64
		{596D2643-EF41-4F32-A03F-031C2847BFC0}.Release|x86.ActiveCfg = Release|Win32
		{596D2643-EF41-4F32-A03F-031C2847BFC0}.Release|x86.Build.0 = Release|Win32
	EndGlobalSection
	GlobalSection(SolutionProperties) = preSolution
		HideSolutionNode = FALSE
	EndGlobalSection
	GlobalSection(ExtensibilityGlobals) = postSolution
		SolutionGuid = {6921682C-6C9E-4C22-8700-A87A6CB6AA40}
	EndGlobalSection
EndGlobal
